// !$*UTF8*$!
{
	archiveVersion = 1;
	classes = {
	};
	objectVersion = 55;
	objects = {

/* Begin PBXBuildFile section */
		B121F7AE27F0F9F200FA8333 /* CurrencyTableViewController.swift in Sources */ = {isa = PBXBuildFile; fileRef = B121F7AD27F0F9F200FA8333 /* CurrencyTableViewController.swift */; };
		B17563BA27EE10DD00ED84D9 /* Model.swift in Sources */ = {isa = PBXBuildFile; fileRef = B17563B927EE10DD00ED84D9 /* Model.swift */; };
		B1B4960327F26F38001F8377 /* MainView.swift in Sources */ = {isa = PBXBuildFile; fileRef = B1B4960227F26F38001F8377 /* MainView.swift */; };
		B1B4960527F2CE86001F8377 /* TableView.swift in Sources */ = {isa = PBXBuildFile; fileRef = B1B4960427F2CE86001F8377 /* TableView.swift */; };
		B1CA8BE52866E5FE0064BDD8 /* DoneAndCancel.swift in Sources */ = {isa = PBXBuildFile; fileRef = B1CA8BE42866E5FE0064BDD8 /* DoneAndCancel.swift */; };
		B1E0F8CC27E817EA00CF2B4F /* AppDelegate.swift in Sources */ = {isa = PBXBuildFile; fileRef = B1E0F8CB27E817EA00CF2B4F /* AppDelegate.swift */; };
		B1E0F8CE27E817EA00CF2B4F /* SceneDelegate.swift in Sources */ = {isa = PBXBuildFile; fileRef = B1E0F8CD27E817EA00CF2B4F /* SceneDelegate.swift */; };
		B1E0F8D027E817EA00CF2B4F /* MainViewController.swift in Sources */ = {isa = PBXBuildFile; fileRef = B1E0F8CF27E817EA00CF2B4F /* MainViewController.swift */; };
		B1E0F8D527E817EB00CF2B4F /* Assets.xcassets in Resources */ = {isa = PBXBuildFile; fileRef = B1E0F8D427E817EB00CF2B4F /* Assets.xcassets */; };
		B1E0F8D827E817EB00CF2B4F /* LaunchScreen.storyboard in Resources */ = {isa = PBXBuildFile; fileRef = B1E0F8D627E817EB00CF2B4F /* LaunchScreen.storyboard */; };
		B1E0F8E127E81B1300CF2B4F /* CurrencyPickerView.swift in Sources */ = {isa = PBXBuildFile; fileRef = B1E0F8E027E81B1300CF2B4F /* CurrencyPickerView.swift */; };
/* End PBXBuildFile section */

/* Begin PBXFileReference section */
		B121F7AD27F0F9F200FA8333 /* CurrencyTableViewController.swift */ = {isa = PBXFileReference; lastKnownFileType = sourcecode.swift; path = CurrencyTableViewController.swift; sourceTree = "<group>"; };
		B17563B927EE10DD00ED84D9 /* Model.swift */ = {isa = PBXFileReference; lastKnownFileType = sourcecode.swift; path = Model.swift; sourceTree = "<group>"; };
		B1B4960227F26F38001F8377 /* MainView.swift */ = {isa = PBXFileReference; lastKnownFileType = sourcecode.swift; path = MainView.swift; sourceTree = "<group>"; };
		B1B4960427F2CE86001F8377 /* TableView.swift */ = {isa = PBXFileReference; lastKnownFileType = sourcecode.swift; path = TableView.swift; sourceTree = "<group>"; };
		B1CA8BE42866E5FE0064BDD8 /* DoneAndCancel.swift */ = {isa = PBXFileReference; lastKnownFileType = sourcecode.swift; path = DoneAndCancel.swift; sourceTree = "<group>"; };
		B1E0F8C827E817EA00CF2B4F /* CurrencyConvertor.app */ = {isa = PBXFileReference; explicitFileType = wrapper.application; includeInIndex = 0; path = CurrencyConvertor.app; sourceTree = BUILT_PRODUCTS_DIR; };
		B1E0F8CB27E817EA00CF2B4F /* AppDelegate.swift */ = {isa = PBXFileReference; lastKnownFileType = sourcecode.swift; path = AppDelegate.swift; sourceTree = "<group>"; };
		B1E0F8CD27E817EA00CF2B4F /* SceneDelegate.swift */ = {isa = PBXFileReference; lastKnownFileType = sourcecode.swift; path = SceneDelegate.swift; sourceTree = "<group>"; };
		B1E0F8CF27E817EA00CF2B4F /* MainViewController.swift */ = {isa = PBXFileReference; lastKnownFileType = sourcecode.swift; path = MainViewController.swift; sourceTree = "<group>"; };
		B1E0F8D427E817EB00CF2B4F /* Assets.xcassets */ = {isa = PBXFileReference; lastKnownFileType = folder.assetcatalog; path = Assets.xcassets; sourceTree = "<group>"; };
		B1E0F8D727E817EB00CF2B4F /* Base */ = {isa = PBXFileReference; lastKnownFileType = file.storyboard; name = Base; path = Base.lproj/LaunchScreen.storyboard; sourceTree = "<group>"; };
		B1E0F8D927E817EB00CF2B4F /* Info.plist */ = {isa = PBXFileReference; lastKnownFileType = text.plist.xml; path = Info.plist; sourceTree = "<group>"; };
		B1E0F8E027E81B1300CF2B4F /* CurrencyPickerView.swift */ = {isa = PBXFileReference; lastKnownFileType = sourcecode.swift; path = CurrencyPickerView.swift; sourceTree = "<group>"; };
/* End PBXFileReference section */

/* Begin PBXFrameworksBuildPhase section */
		B1E0F8C527E817EA00CF2B4F /* Frameworks */ = {
			isa = PBXFrameworksBuildPhase;
			buildActionMask = 2147483647;
			files = (
			);
			runOnlyForDeploymentPostprocessing = 0;
		};
/* End PBXFrameworksBuildPhase section */

/* Begin PBXGroup section */
		B121F7AF27F1727500FA8333 /* Controllers */ = {
			isa = PBXGroup;
			children = (
				B1E0F8CF27E817EA00CF2B4F /* MainViewController.swift */,
				B121F7AD27F0F9F200FA8333 /* CurrencyTableViewController.swift */,
			);
			path = Controllers;
			sourceTree = "<group>";
		};
		B17563BB27EE10E200ED84D9 /* Models */ = {
			isa = PBXGroup;
			children = (
				B17563B927EE10DD00ED84D9 /* Model.swift */,
			);
			path = Models;
			sourceTree = "<group>";
		};
		B1CA8BE32866C9B40064BDD8 /* Support */ = {
			isa = PBXGroup;
			children = (
				B1CA8BE42866E5FE0064BDD8 /* DoneAndCancel.swift */,
				B1E0F8CB27E817EA00CF2B4F /* AppDelegate.swift */,
				B1E0F8CD27E817EA00CF2B4F /* SceneDelegate.swift */,
				B1E0F8D427E817EB00CF2B4F /* Assets.xcassets */,
				B1E0F8D627E817EB00CF2B4F /* LaunchScreen.storyboard */,
			);
			path = Support;
			sourceTree = "<group>";
		};
		B1E0F8BF27E817EA00CF2B4F = {
			isa = PBXGroup;
			children = (
				B1E0F8CA27E817EA00CF2B4F /* CurrencyConvertor */,
				B1E0F8C927E817EA00CF2B4F /* Products */,
			);
			sourceTree = "<group>";
		};
		B1E0F8C927E817EA00CF2B4F /* Products */ = {
			isa = PBXGroup;
			children = (
				B1E0F8C827E817EA00CF2B4F /* CurrencyConvertor.app */,
			);
			name = Products;
			sourceTree = "<group>";
		};
		B1E0F8CA27E817EA00CF2B4F /* CurrencyConvertor */ = {
			isa = PBXGroup;
			children = (
				B17563BB27EE10E200ED84D9 /* Models */,
				B1E0F8DF27E81AEA00CF2B4F /* Views */,
				B121F7AF27F1727500FA8333 /* Controllers */,
				B1CA8BE32866C9B40064BDD8 /* Support */,
				B1E0F8D927E817EB00CF2B4F /* Info.plist */,
			);
			path = CurrencyConvertor;
			sourceTree = "<group>";
		};
		B1E0F8DF27E81AEA00CF2B4F /* Views */ = {
			isa = PBXGroup;
			children = (
				B1B4960227F26F38001F8377 /* MainView.swift */,
				B1E0F8E027E81B1300CF2B4F /* CurrencyPickerView.swift */,
				B1B4960427F2CE86001F8377 /* TableView.swift */,
			);
			path = Views;
			sourceTree = "<group>";
		};
/* End PBXGroup section */

/* Begin PBXNativeTarget section */
		B1E0F8C727E817EA00CF2B4F /* CurrencyConvertor */ = {
			isa = PBXNativeTarget;
			buildConfigurationList = B1E0F8DC27E817EB00CF2B4F /* Build configuration list for PBXNativeTarget "CurrencyConvertor" */;
			buildPhases = (
				B1E0F8C427E817EA00CF2B4F /* Sources */,
				B1E0F8C527E817EA00CF2B4F /* Frameworks */,
				B1E0F8C627E817EA00CF2B4F /* Resources */,
			);
			buildRules = (
			);
			dependencies = (
			);
			name = CurrencyConvertor;
			productName = CurrencyConvertor;
			productReference = B1E0F8C827E817EA00CF2B4F /* CurrencyConvertor.app */;
			productType = "com.apple.product-type.application";
		};
/* End PBXNativeTarget section */

/* Begin PBXProject section */
		B1E0F8C027E817EA00CF2B4F /* Project object */ = {
			isa = PBXProject;
			attributes = {
				BuildIndependentTargetsInParallel = 1;
				LastSwiftUpdateCheck = 1330;
				LastUpgradeCheck = 1330;
				TargetAttributes = {
					B1E0F8C727E817EA00CF2B4F = {
						CreatedOnToolsVersion = 13.3;
					};
				};
			};
			buildConfigurationList = B1E0F8C327E817EA00CF2B4F /* Build configuration list for PBXProject "CurrencyConvertor" */;
			compatibilityVersion = "Xcode 13.0";
			developmentRegion = en;
			hasScannedForEncodings = 0;
			knownRegions = (
				en,
				Base,
			);
			mainGroup = B1E0F8BF27E817EA00CF2B4F;
			productRefGroup = B1E0F8C927E817EA00CF2B4F /* Products */;
			projectDirPath = "";
			projectRoot = "";
			targets = (
				B1E0F8C727E817EA00CF2B4F /* CurrencyConvertor */,
			);
		};
/* End PBXProject section */

/* Begin PBXResourcesBuildPhase section */
		B1E0F8C627E817EA00CF2B4F /* Resources */ = {
			isa = PBXResourcesBuildPhase;
			buildActionMask = 2147483647;
			files = (
				B1E0F8D827E817EB00CF2B4F /* LaunchScreen.storyboard in Resources */,
				B1E0F8D527E817EB00CF2B4F /* Assets.xcassets in Resources */,
			);
			runOnlyForDeploymentPostprocessing = 0;
		};
/* End PBXResourcesBuildPhase section */

/* Begin PBXSourcesBuildPhase section */
		B1E0F8C427E817EA00CF2B4F /* Sources */ = {
			isa = PBXSourcesBuildPhase;
			buildActionMask = 2147483647;
			files = (
				B17563BA27EE10DD00ED84D9 /* Model.swift in Sources */,
				B121F7AE27F0F9F200FA8333 /* CurrencyTableViewController.swift in Sources */,
				B1B4960327F26F38001F8377 /* MainView.swift in Sources */,
				B1CA8BE52866E5FE0064BDD8 /* DoneAndCancel.swift in Sources */,
				B1E0F8E127E81B1300CF2B4F /* CurrencyPickerView.swift in Sources */,
				B1E0F8D027E817EA00CF2B4F /* MainViewController.swift in Sources */,
				B1B4960527F2CE86001F8377 /* TableView.swift in Sources */,
				B1E0F8CC27E817EA00CF2B4F /* AppDelegate.swift in Sources */,
				B1E0F8CE27E817EA00CF2B4F /* SceneDelegate.swift in Sources */,
			);
			runOnlyForDeploymentPostprocessing = 0;
		};
/* End PBXSourcesBuildPhase section */

/* Begin PBXVariantGroup section */
		B1E0F8D627E817EB00CF2B4F /* LaunchScreen.storyboard */ = {
			isa = PBXVariantGroup;
			children = (
				B1E0F8D727E817EB00CF2B4F /* Base */,
			);
			name = LaunchScreen.storyboard;
			sourceTree = "<group>";
		};
/* End PBXVariantGroup section */

/* Begin XCBuildConfiguration section */
		B1E0F8DA27E817EB00CF2B4F /* Debug */ = {
			isa = XCBuildConfiguration;
			buildSettings = {
				ALWAYS_SEARCH_USER_PATHS = NO;
				CLANG_ANALYZER_NONNULL = YES;
				CLANG_ANALYZER_NUMBER_OBJECT_CONVERSION = YES_AGGRESSIVE;
				CLANG_CXX_LANGUAGE_STANDARD = "gnu++17";
				CLANG_ENABLE_MODULES = YES;
				CLANG_ENABLE_OBJC_ARC = YES;
				CLANG_ENABLE_OBJC_WEAK = YES;
				CLANG_WARN_BLOCK_CAPTURE_AUTORELEASING = YES;
				CLANG_WARN_BOOL_CONVERSION = YES;
				CLANG_WARN_COMMA = YES;
				CLANG_WARN_CONSTANT_CONVERSION = YES;
				CLANG_WARN_DEPRECATED_OBJC_IMPLEMENTATIONS = YES;
				CLANG_WARN_DIRECT_OBJC_ISA_USAGE = YES_ERROR;
				CLANG_WARN_DOCUMENTATION_COMMENTS = YES;
				CLANG_WARN_EMPTY_BODY = YES;
				CLANG_WARN_ENUM_CONVERSION = YES;
				CLANG_WARN_INFINITE_RECURSION = YES;
				CLANG_WARN_INT_CONVERSION = YES;
				CLANG_WARN_NON_LITERAL_NULL_CONVERSION = YES;
				CLANG_WARN_OBJC_IMPLICIT_RETAIN_SELF = YES;
				CLANG_WARN_OBJC_LITERAL_CONVERSION = YES;
				CLANG_WARN_OBJC_ROOT_CLASS = YES_ERROR;
				CLANG_WARN_QUOTED_INCLUDE_IN_FRAMEWORK_HEADER = YES;
				CLANG_WARN_RANGE_LOOP_ANALYSIS = YES;
				CLANG_WARN_STRICT_PROTOTYPES = YES;
				CLANG_WARN_SUSPICIOUS_MOVE = YES;
				CLANG_WARN_UNGUARDED_AVAILABILITY = YES_AGGRESSIVE;
				CLANG_WARN_UNREACHABLE_CODE = YES;
				CLANG_WARN__DUPLICATE_METHOD_MATCH = YES;
				COPY_PHASE_STRIP = NO;
				DEBUG_INFORMATION_FORMAT = dwarf;
				ENABLE_STRICT_OBJC_MSGSEND = YES;
				ENABLE_TESTABILITY = YES;
				GCC_C_LANGUAGE_STANDARD = gnu11;
				GCC_DYNAMIC_NO_PIC = NO;
				GCC_NO_COMMON_BLOCKS = YES;
				GCC_OPTIMIZATION_LEVEL = 0;
				GCC_PREPROCESSOR_DEFINITIONS = (
					"DEBUG=1",
					"$(inherited)",
				);
				GCC_WARN_64_TO_32_BIT_CONVERSION = YES;
				GCC_WARN_ABOUT_RETURN_TYPE = YES_ERROR;
				GCC_WARN_UNDECLARED_SELECTOR = YES;
				GCC_WARN_UNINITIALIZED_AUTOS = YES_AGGRESSIVE;
				GCC_WARN_UNUSED_FUNCTION = YES;
				GCC_WARN_UNUSED_VARIABLE = YES;
				IPHONEOS_DEPLOYMENT_TARGET = 15.4;
				MTL_ENABLE_DEBUG_INFO = INCLUDE_SOURCE;
				MTL_FAST_MATH = YES;
				ONLY_ACTIVE_ARCH = YES;
				SDKROOT = iphoneos;
				SWIFT_ACTIVE_COMPILATION_CONDITIONS = DEBUG;
				SWIFT_OPTIMIZATION_LEVEL = "-Onone";
			};
			name = Debug;
		};
		B1E0F8DB27E817EB00CF2B4F /* Release */ = {
			isa = XCBuildConfiguration;
			buildSettings = {
				ALWAYS_SEARCH_USER_PATHS = NO;
				CLANG_ANALYZER_NONNULL = YES;
				CLANG_ANALYZER_NUMBER_OBJECT_CONVERSION = YES_AGGRESSIVE;
				CLANG_CXX_LANGUAGE_STANDARD = "gnu++17";
				CLANG_ENABLE_MODULES = YES;
				CLANG_ENABLE_OBJC_ARC = YES;
				CLANG_ENABLE_OBJC_WEAK = YES;
				CLANG_WARN_BLOCK_CAPTURE_AUTORELEASING = YES;
				CLANG_WARN_BOOL_CONVERSION = YES;
				CLANG_WARN_COMMA = YES;
				CLANG_WARN_CONSTANT_CONVERSION = YES;
				CLANG_WARN_DEPRECATED_OBJC_IMPLEMENTATIONS = YES;
				CLANG_WARN_DIRECT_OBJC_ISA_USAGE = YES_ERROR;
				CLANG_WARN_DOCUMENTATION_COMMENTS = YES;
				CLANG_WARN_EMPTY_BODY = YES;
				CLANG_WARN_ENUM_CONVERSION = YES;
				CLANG_WARN_INFINITE_RECURSION = YES;
				CLANG_WARN_INT_CONVERSION = YES;
				CLANG_WARN_NON_LITERAL_NULL_CONVERSION = YES;
				CLANG_WARN_OBJC_IMPLICIT_RETAIN_SELF = YES;
				CLANG_WARN_OBJC_LITERAL_CONVERSION = YES;
				CLANG_WARN_OBJC_ROOT_CLASS = YES_ERROR;
				CLANG_WARN_QUOTED_INCLUDE_IN_FRAMEWORK_HEADER = YES;
				CLANG_WARN_RANGE_LOOP_ANALYSIS = YES;
				CLANG_WARN_STRICT_PROTOTYPES = YES;
				CLANG_WARN_SUSPICIOUS_MOVE = YES;
				CLANG_WARN_UNGUARDED_AVAILABILITY = YES_AGGRESSIVE;
				CLANG_WARN_UNREACHABLE_CODE = YES;
				CLANG_WARN__DUPLICATE_METHOD_MATCH = YES;
				COPY_PHASE_STRIP = NO;
				DEBUG_INFORMATION_FORMAT = "dwarf-with-dsym";
				ENABLE_NS_ASSERTIONS = NO;
				ENABLE_STRICT_OBJC_MSGSEND = YES;
				GCC_C_LANGUAGE_STANDARD = gnu11;
				GCC_NO_COMMON_BLOCKS = YES;
				GCC_WARN_64_TO_32_BIT_CONVERSION = YES;
				GCC_WARN_ABOUT_RETURN_TYPE = YES_ERROR;
				GCC_WARN_UNDECLARED_SELECTOR = YES;
				GCC_WARN_UNINITIALIZED_AUTOS = YES_AGGRESSIVE;
				GCC_WARN_UNUSED_FUNCTION = YES;
				GCC_WARN_UNUSED_VARIABLE = YES;
				IPHONEOS_DEPLOYMENT_TARGET = 15.4;
				MTL_ENABLE_DEBUG_INFO = NO;
				MTL_FAST_MATH = YES;
				SDKROOT = iphoneos;
				SWIFT_COMPILATION_MODE = wholemodule;
				SWIFT_OPTIMIZATION_LEVEL = "-O";
				VALIDATE_PRODUCT = YES;
			};
			name = Release;
		};
		B1E0F8DD27E817EB00CF2B4F /* Debug */ = {
			isa = XCBuildConfiguration;
			buildSettings = {
				ASSETCATALOG_COMPILER_APPICON_NAME = AppIcon;
				ASSETCATALOG_COMPILER_GLOBAL_ACCENT_COLOR_NAME = AccentColor;
				CODE_SIGN_STYLE = Automatic;
				CURRENT_PROJECT_VERSION = 1;
				DEVELOPMENT_TEAM = 6UY9XT6W64;
				GENERATE_INFOPLIST_FILE = YES;
				INFOPLIST_FILE = CurrencyConvertor/Info.plist;
				INFOPLIST_KEY_UIApplicationSupportsIndirectInputEvents = YES;
				INFOPLIST_KEY_UILaunchStoryboardName = LaunchScreen;
				INFOPLIST_KEY_UISupportedInterfaceOrientations_iPad = "UIInterfaceOrientationPortrait UIInterfaceOrientationPortraitUpsideDown UIInterfaceOrientationLandscapeLeft UIInterfaceOrientationLandscapeRight";
				INFOPLIST_KEY_UISupportedInterfaceOrientations_iPhone = "UIInterfaceOrientationPortrait UIInterfaceOrientationLandscapeLeft UIInterfaceOrientationLandscapeRight";
				LD_RUNPATH_SEARCH_PATHS = (
					"$(inherited)",
					"@executable_path/Frameworks",
				);
				MARKETING_VERSION = 1.0;
				PRODUCT_BUNDLE_IDENTIFIER = com.mutluaydin.CurrencyConvertor;
				PRODUCT_NAME = "$(TARGET_NAME)";
				SWIFT_EMIT_LOC_STRINGS = YES;
				SWIFT_VERSION = 5.0;
				TARGETED_DEVICE_FAMILY = "1,2";
			};
			name = Debug;
		};
		B1E0F8DE27E817EB00CF2B4F /* Release */ = {
			isa = XCBuildConfiguration;
			buildSettings = {
				ASSETCATALOG_COMPILER_APPICON_NAME = AppIcon;
				ASSETCATALOG_COMPILER_GLOBAL_ACCENT_COLOR_NAME = AccentColor;
				CODE_SIGN_STYLE = Automatic;
				CURRENT_PROJECT_VERSION = 1;
				DEVELOPMENT_TEAM = 6UY9XT6W64;
				GENERATE_INFOPLIST_FILE = YES;
				INFOPLIST_FILE = CurrencyConvertor/Info.plist;
				INFOPLIST_KEY_UIApplicationSupportsIndirectInputEvents = YES;
				INFOPLIST_KEY_UILaunchStoryboardName = LaunchScreen;
				INFOPLIST_KEY_UISupportedInterfaceOrientations_iPad = "UIInterfaceOrientationPortrait UIInterfaceOrientationPortraitUpsideDown UIInterfaceOrientationLandscapeLeft UIInterfaceOrientationLandscapeRight";
				INFOPLIST_KEY_UISupportedInterfaceOrientations_iPhone = "UIInterfaceOrientationPortrait UIInterfaceOrientationLandscapeLeft UIInterfaceOrientationLandscapeRight";
				LD_RUNPATH_SEARCH_PATHS = (
					"$(inherited)",
					"@executable_path/Frameworks",
				);
				MARKETING_VERSION = 1.0;
				PRODUCT_BUNDLE_IDENTIFIER = com.mutluaydin.CurrencyConvertor;
				PRODUCT_NAME = "$(TARGET_NAME)";
				SWIFT_EMIT_LOC_STRINGS = YES;
				SWIFT_VERSION = 5.0;
				TARGETED_DEVICE_FAMILY = "1,2";
			};
			name = Release;
		};
/* End XCBuildConfiguration section */

/* Begin XCConfigurationList section */
		B1E0F8C327E817EA00CF2B4F /* Build configuration list for PBXProject "CurrencyConvertor" */ = {
			isa = XCConfigurationList;
			buildConfigurations = (
				B1E0F8DA27E817EB00CF2B4F /* Debug */,
				B1E0F8DB27E817EB00CF2B4F /* Release */,
			);
			defaultConfigurationIsVisible = 0;
			defaultConfigurationName = Release;
		};
		B1E0F8DC27E817EB00CF2B4F /* Build configuration list for PBXNativeTarget "CurrencyConvertor" */ = {
			isa = XCConfigurationList;
			buildConfigurations = (
				B1E0F8DD27E817EB00CF2B4F /* Debug */,
				B1E0F8DE27E817EB00CF2B4F /* Release */,
			);
			defaultConfigurationIsVisible = 0;
			defaultConfigurationName = Release;
		};
/* End XCConfigurationList section */
	};
	rootObject = B1E0F8C027E817EA00CF2B4F /* Project object */;
}
